
Microsoft Visual Studio Solution File, Format Version 12.00
# Visual Studio 2013
VisualStudioVersion = 12.0.40629.0
MinimumVisualStudioVersion = 10.0.40219.1
Project("{FAE04EC0-301F-11D3-BF4B-00C04F79EFBC}") = "BierenServiceLibrary", "BierenServiceLibrary\BierenServiceLibrary.csproj", "{74F0E928-3E97-4413-9516-3D11C1D48825}"
EndProject
Project("{FAE04EC0-301F-11D3-BF4B-00C04F79EFBC}") = "ConsoleBierenServiceHost", "ConsoleBierenServiceHost\ConsoleBierenServiceHost.csproj", "{3FFD34D9-ECB3-4FB9-B84A-CB4E9DEDAAFE}"
EndProject
Project("{FAE04EC0-301F-11D3-BF4B-00C04F79EFBC}") = "IISBierenServiceHost", "IISBierenServiceHost\IISBierenServiceHost.csproj", "{EC7EFF2D-FABD-4B92-81C1-ED09B3AA4649}"
EndProject
Project("{FAE04EC0-301F-11D3-BF4B-00C04F79EFBC}") = "ConsoleBierenClient", "ConsoleBierenClient\ConsoleBierenClient.csproj", "{2B1D5576-E6D6-4A0E-8511-26A6923106BC}"
EndProject
Project("{FAE04EC0-301F-11D3-BF4B-00C04F79EFBC}") = "AbonneeServiceLibrary", "AbonneeServiceLibrary\AbonneeServiceLibrary.csproj", "{D38D97A4-D0DB-4264-85C8-0EAAA8940513}"
EndProject
Project("{FAE04EC0-301F-11D3-BF4B-00C04F79EFBC}") = "AbonneesConsoleServiceHost", "AbonneesConsoleServiceHost\AbonneesConsoleServiceHost.csproj", "{0937D678-D594-4C69-A3F0-60D827532B30}"
EndProject
Project("{FAE04EC0-301F-11D3-BF4B-00C04F79EFBC}") = "ConsoleAbonneeClient", "ConsoleAbonneeClient\ConsoleAbonneeClient.csproj", "{CD1B4F77-73A9-40DD-9E95-B3C398FC1B20}"
	ProjectSection(ProjectDependencies) = postProject
		{D38D97A4-D0DB-4264-85C8-0EAAA8940513} = {D38D97A4-D0DB-4264-85C8-0EAAA8940513}
	EndProjectSection
EndProject
Global
	GlobalSection(SolutionConfigurationPlatforms) = preSolution
		Debug|Any CPU = Debug|Any CPU
		Release|Any CPU = Release|Any CPU
	EndGlobalSection
	GlobalSection(ProjectConfigurationPlatforms) = postSolution
		{74F0E928-3E97-4413-9516-3D11C1D48825}.Debug|Any CPU.ActiveCfg = Debug|Any CPU
		{74F0E928-3E97-4413-9516-3D11C1D48825}.Debug|Any CPU.Build.0 = Debug|Any CPU
		{74F0E928-3E97-4413-9516-3D11C1D48825}.Release|Any CPU.ActiveCfg = Release|Any CPU
		{74F0E928-3E97-4413-9516-3D11C1D48825}.Release|Any CPU.Build.0 = Release|Any CPU
		{3FFD34D9-ECB3-4FB9-B84A-CB4E9DEDAAFE}.Debug|Any CPU.ActiveCfg = Debug|Any CPU
		{3FFD34D9-ECB3-4FB9-B84A-CB4E9DEDAAFE}.Debug|Any CPU.Build.0 = Debug|Any CPU
		{3FFD34D9-ECB3-4FB9-B84A-CB4E9DEDAAFE}.Release|Any CPU.ActiveCfg = Release|Any CPU
		{3FFD34D9-ECB3-4FB9-B84A-CB4E9DEDAAFE}.Release|Any CPU.Build.0 = Release|Any CPU
		{EC7EFF2D-FABD-4B92-81C1-ED09B3AA4649}.Debug|Any CPU.ActiveCfg = Debug|Any CPU
		{EC7EFF2D-FABD-4B92-81C1-ED09B3AA4649}.Debug|Any CPU.Build.0 = Debug|Any CPU
		{EC7EFF2D-FABD-4B92-81C1-ED09B3AA4649}.Release|Any CPU.ActiveCfg = Release|Any CPU
		{EC7EFF2D-FABD-4B92-81C1-ED09B3AA4649}.Release|Any CPU.Build.0 = Release|Any CPU
		{2B1D5576-E6D6-4A0E-8511-26A6923106BC}.Debug|Any CPU.ActiveCfg = Debug|Any CPU
		{2B1D5576-E6D6-4A0E-8511-26A6923106BC}.Debug|Any CPU.Build.0 = Debug|Any CPU
		{2B1D5576-E6D6-4A0E-8511-26A6923106BC}.Release|Any CPU.ActiveCfg = Release|Any CPU
		{2B1D5576-E6D6-4A0E-8511-26A6923106BC}.Release|Any CPU.Build.0 = Release|Any CPU
		{D38D97A4-D0DB-4264-85C8-0EAAA8940513}.Debug|Any CPU.ActiveCfg = Debug|Any CPU
		{D38D97A4-D0DB-4264-85C8-0EAAA8940513}.Debug|Any CPU.Build.0 = Debug|Any CPU
		{D38D97A4-D0DB-4264-85C8-0EAAA8940513}.Release|Any CPU.ActiveCfg = Release|Any CPU
		{D38D97A4-D0DB-4264-85C8-0EAAA8940513}.Release|Any CPU.Build.0 = Release|Any CPU
		{0937D678-D594-4C69-A3F0-60D827532B30}.Debug|Any CPU.ActiveCfg = Debug|Any CPU
		{0937D678-D594-4C69-A3F0-60D827532B30}.Debug|Any CPU.Build.0 = Debug|Any CPU
		{0937D678-D594-4C69-A3F0-60D827532B30}.Release|Any CPU.ActiveCfg = Release|Any CPU
		{0937D678-D594-4C69-A3F0-60D827532B30}.Release|Any CPU.Build.0 = Release|Any CPU
		{CD1B4F77-73A9-40DD-9E95-B3C398FC1B20}.Debug|Any CPU.ActiveCfg = Debug|Any CPU
		{CD1B4F77-73A9-40DD-9E95-B3C398FC1B20}.Debug|Any CPU.Build.0 = Debug|Any CPU
		{CD1B4F77-73A9-40DD-9E95-B3C398FC1B20}.Release|Any CPU.ActiveCfg = Release|Any CPU
		{CD1B4F77-73A9-40DD-9E95-B3C398FC1B20}.Release|Any CPU.Build.0 = Release|Any CPU
	EndGlobalSection
	GlobalSection(SolutionProperties) = preSolution
		HideSolutionNode = FALSE
	EndGlobalSection
EndGlobal
